
Microsoft Visual Studio Solution File, Format Version 12.00
# Visual Studio Version 16
VisualStudioVersion = 16.0.31424.327
MinimumVisualStudioVersion = 10.0.40219.1
Project("{2150E333-8FDC-42A3-9474-1A3956D46DE8}") = "src", "src", "{8BC44FDA-464B-4211-9B3E-6AD32BE30DDE}"
EndProject
Project("{2150E333-8FDC-42A3-9474-1A3956D46DE8}") = "tests", "tests", "{6D106C23-39DE-40AA-9B9A-675CFF199AA8}"
EndProject
Project("{2150E333-8FDC-42A3-9474-1A3956D46DE8}") = "Presentation", "Presentation", "{72E4A831-D01B-40D2-85EA-CAE17886D352}"
EndProject
Project("{2150E333-8FDC-42A3-9474-1A3956D46DE8}") = "Application", "Application", "{0A39891A-EB20-4EEE-8C76-0B9151FD898D}"
EndProject
Project("{2150E333-8FDC-42A3-9474-1A3956D46DE8}") = "Domain", "Domain", "{6E6554D9-C34C-49F4-8407-954A26785508}"
EndProject
Project("{2150E333-8FDC-42A3-9474-1A3956D46DE8}") = "Infrastructure", "Infrastructure", "{2C3BC0D6-C0A7-477D-A86B-D396060B4AC4}"
EndProject
Project("{FAE04EC0-301F-11D3-BF4B-00C04F79EFBC}") = "FH.Application", "FH.Application\FH.Application.csproj", "{E13B3973-D2E4-477B-9712-D5355655A840}"
EndProject
Project("{FAE04EC0-301F-11D3-BF4B-00C04F79EFBC}") = "FH.Domain", "FH.Domain\FH.Domain.csproj", "{0DE59C36-6E83-450B-A8A5-7CD3C8970728}"
EndProject
Project("{FAE04EC0-301F-11D3-BF4B-00C04F79EFBC}") = "FH.Infrastructure", "FH.Infrastructure\FH.Infrastructure.csproj", "{6A3E2CF6-2381-4A20-AB5E-6773140929E2}"
EndProject
Project("{FAE04EC0-301F-11D3-BF4B-00C04F79EFBC}") = "FH.Api", "FH.Api\FH.Api.csproj", "{BEF945CF-4760-46C3-9606-6B1CE26DA5D0}"
EndProject
Project("{FAE04EC0-301F-11D3-BF4B-00C04F79EFBC}") = "FH.External", "FH.External\FH.External.csproj", "{86BE214F-33CA-4A60-A7C2-3A43F0092966}"
EndProject
Global
	GlobalSection(SolutionConfigurationPlatforms) = preSolution
		Debug|Any CPU = Debug|Any CPU
		Release|Any CPU = Release|Any CPU
	EndGlobalSection
	GlobalSection(ProjectConfigurationPlatforms) = postSolution
		{E13B3973-D2E4-477B-9712-D5355655A840}.Debug|Any CPU.ActiveCfg = Debug|Any CPU
		{E13B3973-D2E4-477B-9712-D5355655A840}.Debug|Any CPU.Build.0 = Debug|Any CPU
		{E13B3973-D2E4-477B-9712-D5355655A840}.Release|Any CPU.ActiveCfg = Release|Any CPU
		{E13B3973-D2E4-477B-9712-D5355655A840}.Release|Any CPU.Build.0 = Release|Any CPU
		{0DE59C36-6E83-450B-A8A5-7CD3C8970728}.Debug|Any CPU.ActiveCfg = Debug|Any CPU
		{0DE59C36-6E83-450B-A8A5-7CD3C8970728}.Debug|Any CPU.Build.0 = Debug|Any CPU
		{0DE59C36-6E83-450B-A8A5-7CD3C8970728}.Release|Any CPU.ActiveCfg = Release|Any CPU
		{0DE59C36-6E83-450B-A8A5-7CD3C8970728}.Release|Any CPU.Build.0 = Release|Any CPU
		{6A3E2CF6-2381-4A20-AB5E-6773140929E2}.Debug|Any CPU.ActiveCfg = Debug|Any CPU
		{6A3E2CF6-2381-4A20-AB5E-6773140929E2}.Debug|Any CPU.Build.0 = Debug|Any CPU
		{6A3E2CF6-2381-4A20-AB5E-6773140929E2}.Release|Any CPU.ActiveCfg = Release|Any CPU
		{6A3E2CF6-2381-4A20-AB5E-6773140929E2}.Release|Any CPU.Build.0 = Release|Any CPU
		{BEF945CF-4760-46C3-9606-6B1CE26DA5D0}.Debug|Any CPU.ActiveCfg = Debug|Any CPU
		{BEF945CF-4760-46C3-9606-6B1CE26DA5D0}.Debug|Any CPU.Build.0 = Debug|Any CPU
		{BEF945CF-4760-46C3-9606-6B1CE26DA5D0}.Release|Any CPU.ActiveCfg = Release|Any CPU
		{BEF945CF-4760-46C3-9606-6B1CE26DA5D0}.Release|Any CPU.Build.0 = Release|Any CPU
		{86BE214F-33CA-4A60-A7C2-3A43F0092966}.Debug|Any CPU.ActiveCfg = Debug|Any CPU
		{86BE214F-33CA-4A60-A7C2-3A43F0092966}.Debug|Any CPU.Build.0 = Debug|Any CPU
		{86BE214F-33CA-4A60-A7C2-3A43F0092966}.Release|Any CPU.ActiveCfg = Release|Any CPU
		{86BE214F-33CA-4A60-A7C2-3A43F0092966}.Release|Any CPU.Build.0 = Release|Any CPU
	EndGlobalSection
	GlobalSection(SolutionProperties) = preSolution
		HideSolutionNode = FALSE
	EndGlobalSection
	GlobalSection(NestedProjects) = preSolution
		{72E4A831-D01B-40D2-85EA-CAE17886D352} = {8BC44FDA-464B-4211-9B3E-6AD32BE30DDE}
		{0A39891A-EB20-4EEE-8C76-0B9151FD898D} = {8BC44FDA-464B-4211-9B3E-6AD32BE30DDE}
		{6E6554D9-C34C-49F4-8407-954A26785508} = {8BC44FDA-464B-4211-9B3E-6AD32BE30DDE}
		{2C3BC0D6-C0A7-477D-A86B-D396060B4AC4} = {8BC44FDA-464B-4211-9B3E-6AD32BE30DDE}
		{E13B3973-D2E4-477B-9712-D5355655A840} = {0A39891A-EB20-4EEE-8C76-0B9151FD898D}
		{0DE59C36-6E83-450B-A8A5-7CD3C8970728} = {6E6554D9-C34C-49F4-8407-954A26785508}
		{6A3E2CF6-2381-4A20-AB5E-6773140929E2} = {2C3BC0D6-C0A7-477D-A86B-D396060B4AC4}
		{BEF945CF-4760-46C3-9606-6B1CE26DA5D0} = {72E4A831-D01B-40D2-85EA-CAE17886D352}
		{86BE214F-33CA-4A60-A7C2-3A43F0092966} = {2C3BC0D6-C0A7-477D-A86B-D396060B4AC4}
	EndGlobalSection
	GlobalSection(ExtensibilityGlobals) = postSolution
		SolutionGuid = {28359EC1-4538-408A-91BB-055E7A4EDE4F}
	EndGlobalSection
EndGlobal
